
Microsoft Visual Studio Solution File, Format Version 12.00
# Visual Studio Version 17
VisualStudioVersion = 17.9.34607.119
MinimumVisualStudioVersion = 10.0.40219.1
Project("{9A19103F-16F7-4668-BE54-9A1E7A4F7556}") = "elinor", "elinor\elinor.csproj", "{D3369B28-682A-465A-B7B1-C9E845B08295}"
EndProject
Project("{9A19103F-16F7-4668-BE54-9A1E7A4F7556}") = "ElinorStoreServer", "ElinorStoreServer\ElinorStoreServer.csproj", "{AD066588-A2D9-47FE-AAA3-B3EB2364CCE3}"
EndProject
Project("{9A19103F-16F7-4668-BE54-9A1E7A4F7556}") = "share", "share\share.csproj", "{FF843F7E-5638-4816-A940-3DBC3752D7EE}"
EndProject
Project("{2150E333-8FDC-42A3-9474-1A3956D46DE8}") = "Solution Items", "Solution Items", "{D9875C24-1E49-4BDB-9A55-39AE3043289E}"
	ProjectSection(SolutionItems) = preProject
		.editorconfig = .editorconfig
	EndProjectSection
EndProject
Global
	GlobalSection(SolutionConfigurationPlatforms) = preSolution
		Debug|Any CPU = Debug|Any CPU
		Release|Any CPU = Release|Any CPU
	EndGlobalSection
	GlobalSection(ProjectConfigurationPlatforms) = postSolution
		{D3369B28-682A-465A-B7B1-C9E845B08295}.Debug|Any CPU.ActiveCfg = Debug|Any CPU
		{D3369B28-682A-465A-B7B1-C9E845B08295}.Debug|Any CPU.Build.0 = Debug|Any CPU
		{D3369B28-682A-465A-B7B1-C9E845B08295}.Release|Any CPU.ActiveCfg = Release|Any CPU
		{D3369B28-682A-465A-B7B1-C9E845B08295}.Release|Any CPU.Build.0 = Release|Any CPU
		{AD066588-A2D9-47FE-AAA3-B3EB2364CCE3}.Debug|Any CPU.ActiveCfg = Debug|Any CPU
		{AD066588-A2D9-47FE-AAA3-B3EB2364CCE3}.Debug|Any CPU.Build.0 = Debug|Any CPU
		{AD066588-A2D9-47FE-AAA3-B3EB2364CCE3}.Release|Any CPU.ActiveCfg = Release|Any CPU
		{AD066588-A2D9-47FE-AAA3-B3EB2364CCE3}.Release|Any CPU.Build.0 = Release|Any CPU
		{FF843F7E-5638-4816-A940-3DBC3752D7EE}.Debug|Any CPU.ActiveCfg = Debug|Any CPU
		{FF843F7E-5638-4816-A940-3DBC3752D7EE}.Debug|Any CPU.Build.0 = Debug|Any CPU
		{FF843F7E-5638-4816-A940-3DBC3752D7EE}.Release|Any CPU.ActiveCfg = Release|Any CPU
		{FF843F7E-5638-4816-A940-3DBC3752D7EE}.Release|Any CPU.Build.0 = Release|Any CPU
	EndGlobalSection
	GlobalSection(SolutionProperties) = preSolution
		HideSolutionNode = FALSE
	EndGlobalSection
	GlobalSection(ExtensibilityGlobals) = postSolution
		SolutionGuid = {A2FB7DB5-11A8-48D0-83D2-AE2E81079251}
	EndGlobalSection
EndGlobal
